// !$*UTF8*$!
{
	archiveVersion = 1;
	classes = {
	};
	objectVersion = 50;
	objects = {

/* Begin PBXBuildFile section */
		EBBAF0EE270A57CF002FD0CF /* InstaCloneApp.swift in Sources */ = {isa = PBXBuildFile; fileRef = EBBAF0ED270A57CF002FD0CF /* InstaCloneApp.swift */; };
		EBBAF0F0270A57CF002FD0CF /* ContentView.swift in Sources */ = {isa = PBXBuildFile; fileRef = EBBAF0EF270A57CF002FD0CF /* ContentView.swift */; };
		EBBAF0F2270A57D4002FD0CF /* Assets.xcassets in Resources */ = {isa = PBXBuildFile; fileRef = EBBAF0F1270A57D4002FD0CF /* Assets.xcassets */; };
		EBBAF0F5270A57D4002FD0CF /* Preview Assets.xcassets in Resources */ = {isa = PBXBuildFile; fileRef = EBBAF0F4270A57D4002FD0CF /* Preview Assets.xcassets */; };
		EBE50B30271C7B260023E8D1 /* Person.swift in Sources */ = {isa = PBXBuildFile; fileRef = EBE50B2F271C7B260023E8D1 /* Person.swift */; };
		EBE50B34271CC8EC0023E8D1 /* StoryView.swift in Sources */ = {isa = PBXBuildFile; fileRef = EBE50B33271CC8EC0023E8D1 /* StoryView.swift */; };
		EBE50B37271CD7C80023E8D1 /* PostsHeader.swift in Sources */ = {isa = PBXBuildFile; fileRef = EBE50B36271CD7C80023E8D1 /* PostsHeader.swift */; };
		EBE50B39271CE4B20023E8D1 /* PostsFooter.swift in Sources */ = {isa = PBXBuildFile; fileRef = EBE50B38271CE4B20023E8D1 /* PostsFooter.swift */; };
		EBEC2B71270BC1FC00CF0423 /* HeaderView.swift in Sources */ = {isa = PBXBuildFile; fileRef = EBEC2B70270BC1FC00CF0423 /* HeaderView.swift */; };
		EBEC2B74270BD13400CF0423 /* NewsView.swift in Sources */ = {isa = PBXBuildFile; fileRef = EBEC2B73270BD13400CF0423 /* NewsView.swift */; };
/* End PBXBuildFile section */

/* Begin PBXFileReference section */
		EBBAF0EA270A57CF002FD0CF /* InstaClone.app */ = {isa = PBXFileReference; explicitFileType = wrapper.application; includeInIndex = 0; path = InstaClone.app; sourceTree = BUILT_PRODUCTS_DIR; };
		EBBAF0ED270A57CF002FD0CF /* InstaCloneApp.swift */ = {isa = PBXFileReference; lastKnownFileType = sourcecode.swift; path = InstaCloneApp.swift; sourceTree = "<group>"; };
		EBBAF0EF270A57CF002FD0CF /* ContentView.swift */ = {isa = PBXFileReference; lastKnownFileType = sourcecode.swift; path = ContentView.swift; sourceTree = "<group>"; };
		EBBAF0F1270A57D4002FD0CF /* Assets.xcassets */ = {isa = PBXFileReference; lastKnownFileType = folder.assetcatalog; path = Assets.xcassets; sourceTree = "<group>"; };
		EBBAF0F4270A57D4002FD0CF /* Preview Assets.xcassets */ = {isa = PBXFileReference; lastKnownFileType = folder.assetcatalog; path = "Preview Assets.xcassets"; sourceTree = "<group>"; };
		EBBAF0F6270A57D4002FD0CF /* Info.plist */ = {isa = PBXFileReference; lastKnownFileType = text.plist.xml; path = Info.plist; sourceTree = "<group>"; };
		EBE50B2F271C7B260023E8D1 /* Person.swift */ = {isa = PBXFileReference; lastKnownFileType = sourcecode.swift; path = Person.swift; sourceTree = "<group>"; };
		EBE50B33271CC8EC0023E8D1 /* StoryView.swift */ = {isa = PBXFileReference; lastKnownFileType = sourcecode.swift; path = StoryView.swift; sourceTree = "<group>"; };
		EBE50B36271CD7C80023E8D1 /* PostsHeader.swift */ = {isa = PBXFileReference; lastKnownFileType = sourcecode.swift; path = PostsHeader.swift; sourceTree = "<group>"; };
		EBE50B38271CE4B20023E8D1 /* PostsFooter.swift */ = {isa = PBXFileReference; lastKnownFileType = sourcecode.swift; path = PostsFooter.swift; sourceTree = "<group>"; };
		EBEC2B70270BC1FC00CF0423 /* HeaderView.swift */ = {isa = PBXFileReference; lastKnownFileType = sourcecode.swift; path = HeaderView.swift; sourceTree = "<group>"; };
		EBEC2B73270BD13400CF0423 /* NewsView.swift */ = {isa = PBXFileReference; lastKnownFileType = sourcecode.swift; path = NewsView.swift; sourceTree = "<group>"; };
/* End PBXFileReference section */

/* Begin PBXFrameworksBuildPhase section */
		EBBAF0E7270A57CF002FD0CF /* Frameworks */ = {
			isa = PBXFrameworksBuildPhase;
			buildActionMask = 2147483647;
			files = (
			);
			runOnlyForDeploymentPostprocessing = 0;
		};
/* End PBXFrameworksBuildPhase section */

/* Begin PBXGroup section */
		EBBAF0E1270A57CF002FD0CF = {
			isa = PBXGroup;
			children = (
				EBBAF0EC270A57CF002FD0CF /* InstaClone */,
				EBBAF0EB270A57CF002FD0CF /* Products */,
			);
			sourceTree = "<group>";
		};
		EBBAF0EB270A57CF002FD0CF /* Products */ = {
			isa = PBXGroup;
			children = (
				EBBAF0EA270A57CF002FD0CF /* InstaClone.app */,
			);
			name = Products;
			sourceTree = "<group>";
		};
		EBBAF0EC270A57CF002FD0CF /* InstaClone */ = {
			isa = PBXGroup;
			children = (
				EBE50B35271CD7AF0023E8D1 /* Posts */,
				EBE50B31271CC8B70023E8D1 /* Story */,
				EBE50B2E271C7B160023E8D1 /* Models */,
				EBEC2B72270BD12200CF0423 /* News */,
				EBEC2B6F270BC1EC00CF0423 /* Header */,
				EBBAF0ED270A57CF002FD0CF /* InstaCloneApp.swift */,
				EBBAF0EF270A57CF002FD0CF /* ContentView.swift */,
				EBBAF0F1270A57D4002FD0CF /* Assets.xcassets */,
				EBBAF0F6270A57D4002FD0CF /* Info.plist */,
				EBBAF0F3270A57D4002FD0CF /* Preview Content */,
			);
			path = InstaClone;
			sourceTree = "<group>";
		};
		EBBAF0F3270A57D4002FD0CF /* Preview Content */ = {
			isa = PBXGroup;
			children = (
				EBBAF0F4270A57D4002FD0CF /* Preview Assets.xcassets */,
			);
			path = "Preview Content";
			sourceTree = "<group>";
		};
		EBE50B2E271C7B160023E8D1 /* Models */ = {
			isa = PBXGroup;
			children = (
				EBE50B2F271C7B260023E8D1 /* Person.swift */,
			);
			path = Models;
			sourceTree = "<group>";
		};
		EBE50B31271CC8B70023E8D1 /* Story */ = {
			isa = PBXGroup;
			children = (
				EBE50B33271CC8EC0023E8D1 /* StoryView.swift */,
			);
			path = Story;
			sourceTree = "<group>";
		};
		EBE50B35271CD7AF0023E8D1 /* Posts */ = {
			isa = PBXGroup;
			children = (
				EBE50B36271CD7C80023E8D1 /* PostsHeader.swift */,
				EBE50B38271CE4B20023E8D1 /* PostsFooter.swift */,
			);
			path = Posts;
			sourceTree = "<group>";
		};
		EBEC2B6F270BC1EC00CF0423 /* Header */ = {
			isa = PBXGroup;
			children = (
				EBEC2B70270BC1FC00CF0423 /* HeaderView.swift */,
			);
			path = Header;
			sourceTree = "<group>";
		};
		EBEC2B72270BD12200CF0423 /* News */ = {
			isa = PBXGroup;
			children = (
				EBEC2B73270BD13400CF0423 /* NewsView.swift */,
			);
			path = News;
			sourceTree = "<group>";
		};
/* End PBXGroup section */

/* Begin PBXNativeTarget section */
		EBBAF0E9270A57CF002FD0CF /* InstaClone */ = {
			isa = PBXNativeTarget;
			buildConfigurationList = EBBAF0F9270A57D4002FD0CF /* Build configuration list for PBXNativeTarget "InstaClone" */;
			buildPhases = (
				EBBAF0E6270A57CF002FD0CF /* Sources */,
				EBBAF0E7270A57CF002FD0CF /* Frameworks */,
				EBBAF0E8270A57CF002FD0CF /* Resources */,
			);
			buildRules = (
			);
			dependencies = (
			);
			name = InstaClone;
			productName = InstaClone;
			productReference = EBBAF0EA270A57CF002FD0CF /* InstaClone.app */;
			productType = "com.apple.product-type.application";
		};
/* End PBXNativeTarget section */

/* Begin PBXProject section */
		EBBAF0E2270A57CF002FD0CF /* Project object */ = {
			isa = PBXProject;
			attributes = {
				LastSwiftUpdateCheck = 1250;
				LastUpgradeCheck = 1250;
				TargetAttributes = {
					EBBAF0E9270A57CF002FD0CF = {
						CreatedOnToolsVersion = 12.5.1;
					};
				};
			};
			buildConfigurationList = EBBAF0E5270A57CF002FD0CF /* Build configuration list for PBXProject "InstaClone" */;
			compatibilityVersion = "Xcode 9.3";
			developmentRegion = en;
			hasScannedForEncodings = 0;
			knownRegions = (
				en,
				Base,
			);
			mainGroup = EBBAF0E1270A57CF002FD0CF;
			productRefGroup = EBBAF0EB270A57CF002FD0CF /* Products */;
			projectDirPath = "";
			projectRoot = "";
			targets = (
				EBBAF0E9270A57CF002FD0CF /* InstaClone */,
			);
		};
/* End PBXProject section */

/* Begin PBXResourcesBuildPhase section */
		EBBAF0E8270A57CF002FD0CF /* Resources */ = {
			isa = PBXResourcesBuildPhase;
			buildActionMask = 2147483647;
			files = (
				EBBAF0F5270A57D4002FD0CF /* Preview Assets.xcassets in Resources */,
				EBBAF0F2270A57D4002FD0CF /* Assets.xcassets in Resources */,
			);
			runOnlyForDeploymentPostprocessing = 0;
		};
/* End PBXResourcesBuildPhase section */

/* Begin PBXSourcesBuildPhase section */
		EBBAF0E6270A57CF002FD0CF /* Sources */ = {
			isa = PBXSourcesBuildPhase;
			buildActionMask = 2147483647;
			files = (
				EBE50B37271CD7C80023E8D1 /* PostsHeader.swift in Sources */,
				EBE50B34271CC8EC0023E8D1 /* StoryView.swift in Sources */,
				EBE50B30271C7B260023E8D1 /* Person.swift in Sources */,
				EBEC2B71270BC1FC00CF0423 /* HeaderView.swift in Sources */,
				EBE50B39271CE4B20023E8D1 /* PostsFooter.swift in Sources */,
				EBEC2B74270BD13400CF0423 /* NewsView.swift in Sources */,
				EBBAF0F0270A57CF002FD0CF /* ContentView.swift in Sources */,
				EBBAF0EE270A57CF002FD0CF /* InstaCloneApp.swift in Sources */,
			);
			runOnlyForDeploymentPostprocessing = 0;
		};
/* End PBXSourcesBuildPhase section */

/* Begin XCBuildConfiguration section */
		EBBAF0F7270A57D4002FD0CF /* Debug */ = {
			isa = XCBuildConfiguration;
			buildSettings = {
				ALWAYS_SEARCH_USER_PATHS = NO;
				CLANG_ANALYZER_NONNULL = YES;
				CLANG_ANALYZER_NUMBER_OBJECT_CONVERSION = YES_AGGRESSIVE;
				CLANG_CXX_LANGUAGE_STANDARD = "gnu++14";
				CLANG_CXX_LIBRARY = "libc++";
				CLANG_ENABLE_MODULES = YES;
				CLANG_ENABLE_OBJC_ARC = YES;
				CLANG_ENABLE_OBJC_WEAK = YES;
				CLANG_WARN_BLOCK_CAPTURE_AUTORELEASING = YES;
				CLANG_WARN_BOOL_CONVERSION = YES;
				CLANG_WARN_COMMA = YES;
				CLANG_WARN_CONSTANT_CONVERSION = YES;
				CLANG_WARN_DEPRECATED_OBJC_IMPLEMENTATIONS = YES;
				CLANG_WARN_DIRECT_OBJC_ISA_USAGE = YES_ERROR;
				CLANG_WARN_DOCUMENTATION_COMMENTS = YES;
				CLANG_WARN_EMPTY_BODY = YES;
				CLANG_WARN_ENUM_CONVERSION = YES;
				CLANG_WARN_INFINITE_RECURSION = YES;
				CLANG_WARN_INT_CONVERSION = YES;
				CLANG_WARN_NON_LITERAL_NULL_CONVERSION = YES;
				CLANG_WARN_OBJC_IMPLICIT_RETAIN_SELF = YES;
				CLANG_WARN_OBJC_LITERAL_CONVERSION = YES;
				CLANG_WARN_OBJC_ROOT_CLASS = YES_ERROR;
				CLANG_WARN_QUOTED_INCLUDE_IN_FRAMEWORK_HEADER = YES;
				CLANG_WARN_RANGE_LOOP_ANALYSIS = YES;
				CLANG_WARN_STRICT_PROTOTYPES = YES;
				CLANG_WARN_SUSPICIOUS_MOVE = YES;
				CLANG_WARN_UNGUARDED_AVAILABILITY = YES_AGGRESSIVE;
				CLANG_WARN_UNREACHABLE_CODE = YES;
				CLANG_WARN__DUPLICATE_METHOD_MATCH = YES;
				COPY_PHASE_STRIP = NO;
				DEBUG_INFORMATION_FORMAT = dwarf;
				ENABLE_STRICT_OBJC_MSGSEND = YES;
				ENABLE_TESTABILITY = YES;
				GCC_C_LANGUAGE_STANDARD = gnu11;
				GCC_DYNAMIC_NO_PIC = NO;
				GCC_NO_COMMON_BLOCKS = YES;
				GCC_OPTIMIZATION_LEVEL = 0;
				GCC_PREPROCESSOR_DEFINITIONS = (
					"DEBUG=1",
					"$(inherited)",
				);
				GCC_WARN_64_TO_32_BIT_CONVERSION = YES;
				GCC_WARN_ABOUT_RETURN_TYPE = YES_ERROR;
				GCC_WARN_UNDECLARED_SELECTOR = YES;
				GCC_WARN_UNINITIALIZED_AUTOS = YES_AGGRESSIVE;
				GCC_WARN_UNUSED_FUNCTION = YES;
				GCC_WARN_UNUSED_VARIABLE = YES;
				IPHONEOS_DEPLOYMENT_TARGET = 14.5;
				MTL_ENABLE_DEBUG_INFO = INCLUDE_SOURCE;
				MTL_FAST_MATH = YES;
				ONLY_ACTIVE_ARCH = YES;
				SDKROOT = iphoneos;
				SWIFT_ACTIVE_COMPILATION_CONDITIONS = DEBUG;
				SWIFT_OPTIMIZATION_LEVEL = "-Onone";
			};
			name = Debug;
		};
		EBBAF0F8270A57D4002FD0CF /* Release */ = {
			isa = XCBuildConfiguration;
			buildSettings = {
				ALWAYS_SEARCH_USER_PATHS = NO;
				CLANG_ANALYZER_NONNULL = YES;
				CLANG_ANALYZER_NUMBER_OBJECT_CONVERSION = YES_AGGRESSIVE;
				CLANG_CXX_LANGUAGE_STANDARD = "gnu++14";
				CLANG_CXX_LIBRARY = "libc++";
				CLANG_ENABLE_MODULES = YES;
				CLANG_ENABLE_OBJC_ARC = YES;
				CLANG_ENABLE_OBJC_WEAK = YES;
				CLANG_WARN_BLOCK_CAPTURE_AUTORELEASING = YES;
				CLANG_WARN_BOOL_CONVERSION = YES;
				CLANG_WARN_COMMA = YES;
				CLANG_WARN_CONSTANT_CONVERSION = YES;
				CLANG_WARN_DEPRECATED_OBJC_IMPLEMENTATIONS = YES;
				CLANG_WARN_DIRECT_OBJC_ISA_USAGE = YES_ERROR;
				CLANG_WARN_DOCUMENTATION_COMMENTS = YES;
				CLANG_WARN_EMPTY_BODY = YES;
				CLANG_WARN_ENUM_CONVERSION = YES;
				CLANG_WARN_INFINITE_RECURSION = YES;
				CLANG_WARN_INT_CONVERSION = YES;
				CLANG_WARN_NON_LITERAL_NULL_CONVERSION = YES;
				CLANG_WARN_OBJC_IMPLICIT_RETAIN_SELF = YES;
				CLANG_WARN_OBJC_LITERAL_CONVERSION = YES;
				CLANG_WARN_OBJC_ROOT_CLASS = YES_ERROR;
				CLANG_WARN_QUOTED_INCLUDE_IN_FRAMEWORK_HEADER = YES;
				CLANG_WARN_RANGE_LOOP_ANALYSIS = YES;
				CLANG_WARN_STRICT_PROTOTYPES = YES;
				CLANG_WARN_SUSPICIOUS_MOVE = YES;
				CLANG_WARN_UNGUARDED_AVAILABILITY = YES_AGGRESSIVE;
				CLANG_WARN_UNREACHABLE_CODE = YES;
				CLANG_WARN__DUPLICATE_METHOD_MATCH = YES;
				COPY_PHASE_STRIP = NO;
				DEBUG_INFORMATION_FORMAT = "dwarf-with-dsym";
				ENABLE_NS_ASSERTIONS = NO;
				ENABLE_STRICT_OBJC_MSGSEND = YES;
				GCC_C_LANGUAGE_STANDARD = gnu11;
				GCC_NO_COMMON_BLOCKS = YES;
				GCC_WARN_64_TO_32_BIT_CONVERSION = YES;
				GCC_WARN_ABOUT_RETURN_TYPE = YES_ERROR;
				GCC_WARN_UNDECLARED_SELECTOR = YES;
				GCC_WARN_UNINITIALIZED_AUTOS = YES_AGGRESSIVE;
				GCC_WARN_UNUSED_FUNCTION = YES;
				GCC_WARN_UNUSED_VARIABLE = YES;
				IPHONEOS_DEPLOYMENT_TARGET = 14.5;
				MTL_ENABLE_DEBUG_INFO = NO;
				MTL_FAST_MATH = YES;
				SDKROOT = iphoneos;
				SWIFT_COMPILATION_MODE = wholemodule;
				SWIFT_OPTIMIZATION_LEVEL = "-O";
				VALIDATE_PRODUCT = YES;
			};
			name = Release;
		};
		EBBAF0FA270A57D4002FD0CF /* Debug */ = {
			isa = XCBuildConfiguration;
			buildSettings = {
				ASSETCATALOG_COMPILER_APPICON_NAME = AppIcon;
				ASSETCATALOG_COMPILER_GLOBAL_ACCENT_COLOR_NAME = AccentColor;
				CODE_SIGN_STYLE = Automatic;
				DEVELOPMENT_ASSET_PATHS = "\"InstaClone/Preview Content\"";
				ENABLE_PREVIEWS = YES;
				INFOPLIST_FILE = InstaClone/Info.plist;
				IPHONEOS_DEPLOYMENT_TARGET = 14.0;
				LD_RUNPATH_SEARCH_PATHS = (
					"$(inherited)",
					"@executable_path/Frameworks",
				);
				PRODUCT_BUNDLE_IDENTIFIER = com.rodrigomoreira.InstaClone;
				PRODUCT_NAME = "$(TARGET_NAME)";
				SWIFT_VERSION = 5.0;
				TARGETED_DEVICE_FAMILY = "1,2";
			};
			name = Debug;
		};
		EBBAF0FB270A57D4002FD0CF /* Release */ = {
			isa = XCBuildConfiguration;
			buildSettings = {
				ASSETCATALOG_COMPILER_APPICON_NAME = AppIcon;
				ASSETCATALOG_COMPILER_GLOBAL_ACCENT_COLOR_NAME = AccentColor;
				CODE_SIGN_STYLE = Automatic;
				DEVELOPMENT_ASSET_PATHS = "\"InstaClone/Preview Content\"";
				ENABLE_PREVIEWS = YES;
				INFOPLIST_FILE = InstaClone/Info.plist;
				IPHONEOS_DEPLOYMENT_TARGET = 14.0;
				LD_RUNPATH_SEARCH_PATHS = (
					"$(inherited)",
					"@executable_path/Frameworks",
				);
				PRODUCT_BUNDLE_IDENTIFIER = com.rodrigomoreira.InstaClone;
				PRODUCT_NAME = "$(TARGET_NAME)";
				SWIFT_VERSION = 5.0;
				TARGETED_DEVICE_FAMILY = "1,2";
			};
			name = Release;
		};
/* End XCBuildConfiguration section */

/* Begin XCConfigurationList section */
		EBBAF0E5270A57CF002FD0CF /* Build configuration list for PBXProject "InstaClone" */ = {
			isa = XCConfigurationList;
			buildConfigurations = (
				EBBAF0F7270A57D4002FD0CF /* Debug */,
				EBBAF0F8270A57D4002FD0CF /* Release */,
			);
			defaultConfigurationIsVisible = 0;
			defaultConfigurationName = Release;
		};
		EBBAF0F9270A57D4002FD0CF /* Build configuration list for PBXNativeTarget "InstaClone" */ = {
			isa = XCConfigurationList;
			buildConfigurations = (
				EBBAF0FA270A57D4002FD0CF /* Debug */,
				EBBAF0FB270A57D4002FD0CF /* Release */,
			);
			defaultConfigurationIsVisible = 0;
			defaultConfigurationName = Release;
		};
/* End XCConfigurationList section */
	};
	rootObject = EBBAF0E2270A57CF002FD0CF /* Project object */;
}
